
Microsoft Visual Studio Solution File, Format Version 12.00
# Visual Studio 15
VisualStudioVersion = 15.0.28307.572
MinimumVisualStudioVersion = 10.0.40219.1
Project("{8BC9CEB8-8B4A-11D0-8D11-00A0C91BC942}") = "FluidSurfaceReconstruction", "FluidSurfaceReconstruction\FluidSurfaceReconstruction.vcxproj", "{F861CA77-BC6C-478B-BA6F-0983BEBD4A95}"
EndProject
Global
	GlobalSection(SolutionConfigurationPlatforms) = preSolution
		Debug|x64 = Debug|x64
		Release|x64 = Release|x64
	EndGlobalSection
	GlobalSection(ProjectConfigurationPlatforms) = postSolution
		{F861CA77-BC6C-478B-BA6F-0983BEBD4A95}.Debug|x64.ActiveCfg = Debug|x64
		{F861CA77-BC6C-478B-BA6F-0983BEBD4A95}.Debug|x64.Build.0 = Debug|x64
		{F861CA77-BC6C-478B-BA6F-0983BEBD4A95}.Release|x64.ActiveCfg = Release|x64
		{F861CA77-BC6C-478B-BA6F-0983BEBD4A95}.Release|x64.Build.0 = Release|x64
	EndGlobalSection
	GlobalSection(SolutionProperties) = preSolution
		HideSolutionNode = FALSE
	EndGlobalSection
	GlobalSection(ExtensibilityGlobals) = postSolution
		SolutionGuid = {2A102C36-84B5-462F-92F8-26C325FA771A}
	EndGlobalSection
EndGlobal
